
Microsoft Visual Studio Solution File, Format Version 12.00
# Visual Studio Version 17
VisualStudioVersion = 17.2.32526.322
MinimumVisualStudioVersion = 10.0.40219.1
Project("{2150E333-8FDC-42A3-9474-1A3956D46DE8}") = "Solution Items", "Solution Items", "{3514A464-8EA8-46E7-9034-03952C791845}"
EndProject
Project("{930C7802-8A8C-48F9-8165-68863BCCD9DD}") = "installer", "installer\installer.wixproj", "{E9FF79AC-59E8-4D07-AA47-4E17FA01B6C3}"
EndProject
Project("{8BC9CEB8-8B4A-11D0-8D11-00A0C91BC942}") = "ZalMainLib", "..\Zal-Core\MainLib\ZalMainLib.vcxproj", "{3F332260-4174-4C50-9604-17B12D745AE6}"
EndProject
Project("{8BC9CEB8-8B4A-11D0-8D11-00A0C91BC942}") = "HLib", "..\Zal-Core\HLib\HLib.vcxproj", "{08D97329-5152-4E9B-A16C-9112E30B4BF0}"
EndProject
Project("{8BC9CEB8-8B4A-11D0-8D11-00A0C91BC942}") = "ZalMainLibManaged", "MainLibManaged\ZalMainLibManaged.vcxproj", "{83628BB9-349B-4B0D-A7FA-9CDDCACAC5BE}"
EndProject
Project("{FAE04EC0-301F-11D3-BF4B-00C04F79EFBC}") = "ZalUi", "TestApp\ZalUi.csproj", "{7E8D98A4-F05C-4966-B55A-AFB94BE746A5}"
EndProject
Global
	GlobalSection(SolutionConfigurationPlatforms) = preSolution
		Debug|Any CPU = Debug|Any CPU
		Debug|ARM = Debug|ARM
		Debug|ARM64 = Debug|ARM64
		Debug|x64 = Debug|x64
		Debug|x86 = Debug|x86
		Release|Any CPU = Release|Any CPU
		Release|ARM = Release|ARM
		Release|ARM64 = Release|ARM64
		Release|x64 = Release|x64
		Release|x86 = Release|x86
	EndGlobalSection
	GlobalSection(ProjectConfigurationPlatforms) = postSolution
		{E9FF79AC-59E8-4D07-AA47-4E17FA01B6C3}.Debug|Any CPU.ActiveCfg = Debug|x86
		{E9FF79AC-59E8-4D07-AA47-4E17FA01B6C3}.Debug|ARM.ActiveCfg = Debug|x86
		{E9FF79AC-59E8-4D07-AA47-4E17FA01B6C3}.Debug|ARM.Build.0 = Debug|x86
		{E9FF79AC-59E8-4D07-AA47-4E17FA01B6C3}.Debug|ARM64.ActiveCfg = Debug|x86
		{E9FF79AC-59E8-4D07-AA47-4E17FA01B6C3}.Debug|ARM64.Build.0 = Debug|x86
		{E9FF79AC-59E8-4D07-AA47-4E17FA01B6C3}.Debug|x64.ActiveCfg = Debug|x86
		{E9FF79AC-59E8-4D07-AA47-4E17FA01B6C3}.Debug|x86.ActiveCfg = Debug|x86
		{E9FF79AC-59E8-4D07-AA47-4E17FA01B6C3}.Debug|x86.Build.0 = Debug|x86
		{E9FF79AC-59E8-4D07-AA47-4E17FA01B6C3}.Release|Any CPU.ActiveCfg = Release|x86
		{E9FF79AC-59E8-4D07-AA47-4E17FA01B6C3}.Release|ARM.ActiveCfg = Release|x86
		{E9FF79AC-59E8-4D07-AA47-4E17FA01B6C3}.Release|ARM.Build.0 = Release|x86
		{E9FF79AC-59E8-4D07-AA47-4E17FA01B6C3}.Release|ARM64.ActiveCfg = Release|x86
		{E9FF79AC-59E8-4D07-AA47-4E17FA01B6C3}.Release|ARM64.Build.0 = Release|x86
		{E9FF79AC-59E8-4D07-AA47-4E17FA01B6C3}.Release|x64.ActiveCfg = Release|x86
		{E9FF79AC-59E8-4D07-AA47-4E17FA01B6C3}.Release|x86.ActiveCfg = Release|x86
		{E9FF79AC-59E8-4D07-AA47-4E17FA01B6C3}.Release|x86.Build.0 = Release|x86
		{3F332260-4174-4C50-9604-17B12D745AE6}.Debug|Any CPU.ActiveCfg = Debug|x64
		{3F332260-4174-4C50-9604-17B12D745AE6}.Debug|Any CPU.Build.0 = Debug|x64
		{3F332260-4174-4C50-9604-17B12D745AE6}.Debug|ARM.ActiveCfg = Debug|x64
		{3F332260-4174-4C50-9604-17B12D745AE6}.Debug|ARM.Build.0 = Debug|x64
		{3F332260-4174-4C50-9604-17B12D745AE6}.Debug|ARM64.ActiveCfg = Debug|x64
		{3F332260-4174-4C50-9604-17B12D745AE6}.Debug|ARM64.Build.0 = Debug|x64
		{3F332260-4174-4C50-9604-17B12D745AE6}.Debug|x64.ActiveCfg = Debug|x64
		{3F332260-4174-4C50-9604-17B12D745AE6}.Debug|x64.Build.0 = Debug|x64
		{3F332260-4174-4C50-9604-17B12D745AE6}.Debug|x86.ActiveCfg = Debug|Win32
		{3F332260-4174-4C50-9604-17B12D745AE6}.Debug|x86.Build.0 = Debug|Win32
		{3F332260-4174-4C50-9604-17B12D745AE6}.Release|Any CPU.ActiveCfg = Release|x64
		{3F332260-4174-4C50-9604-17B12D745AE6}.Release|Any CPU.Build.0 = Release|x64
		{3F332260-4174-4C50-9604-17B12D745AE6}.Release|ARM.ActiveCfg = Release|x64
		{3F332260-4174-4C50-9604-17B12D745AE6}.Release|ARM.Build.0 = Release|x64
		{3F332260-4174-4C50-9604-17B12D745AE6}.Release|ARM64.ActiveCfg = Release|x64
		{3F332260-4174-4C50-9604-17B12D745AE6}.Release|ARM64.Build.0 = Release|x64
		{3F332260-4174-4C50-9604-17B12D745AE6}.Release|x64.ActiveCfg = Release|x64
		{3F332260-4174-4C50-9604-17B12D745AE6}.Release|x64.Build.0 = Release|x64
		{3F332260-4174-4C50-9604-17B12D745AE6}.Release|x86.ActiveCfg = Release|Win32
		{3F332260-4174-4C50-9604-17B12D745AE6}.Release|x86.Build.0 = Release|Win32
		{08D97329-5152-4E9B-A16C-9112E30B4BF0}.Debug|Any CPU.ActiveCfg = Debug|x64
		{08D97329-5152-4E9B-A16C-9112E30B4BF0}.Debug|Any CPU.Build.0 = Debug|x64
		{08D97329-5152-4E9B-A16C-9112E30B4BF0}.Debug|ARM.ActiveCfg = Debug|x64
		{08D97329-5152-4E9B-A16C-9112E30B4BF0}.Debug|ARM.Build.0 = Debug|x64
		{08D97329-5152-4E9B-A16C-9112E30B4BF0}.Debug|ARM64.ActiveCfg = Debug|x64
		{08D97329-5152-4E9B-A16C-9112E30B4BF0}.Debug|ARM64.Build.0 = Debug|x64
		{08D97329-5152-4E9B-A16C-9112E30B4BF0}.Debug|x64.ActiveCfg = Debug|x64
		{08D97329-5152-4E9B-A16C-9112E30B4BF0}.Debug|x64.Build.0 = Debug|x64
		{08D97329-5152-4E9B-A16C-9112E30B4BF0}.Debug|x86.ActiveCfg = Debug|Win32
		{08D97329-5152-4E9B-A16C-9112E30B4BF0}.Debug|x86.Build.0 = Debug|Win32
		{08D97329-5152-4E9B-A16C-9112E30B4BF0}.Release|Any CPU.ActiveCfg = Release|x64
		{08D97329-5152-4E9B-A16C-9112E30B4BF0}.Release|Any CPU.Build.0 = Release|x64
		{08D97329-5152-4E9B-A16C-9112E30B4BF0}.Release|ARM.ActiveCfg = Release|x64
		{08D97329-5152-4E9B-A16C-9112E30B4BF0}.Release|ARM.Build.0 = Release|x64
		{08D97329-5152-4E9B-A16C-9112E30B4BF0}.Release|ARM64.ActiveCfg = Release|x64
		{08D97329-5152-4E9B-A16C-9112E30B4BF0}.Release|ARM64.Build.0 = Release|x64
		{08D97329-5152-4E9B-A16C-9112E30B4BF0}.Release|x64.ActiveCfg = Release|x64
		{08D97329-5152-4E9B-A16C-9112E30B4BF0}.Release|x64.Build.0 = Release|x64
		{08D97329-5152-4E9B-A16C-9112E30B4BF0}.Release|x86.ActiveCfg = Release|Win32
		{08D97329-5152-4E9B-A16C-9112E30B4BF0}.Release|x86.Build.0 = Release|Win32
		{83628BB9-349B-4B0D-A7FA-9CDDCACAC5BE}.Debug|Any CPU.ActiveCfg = Debug|x64
		{83628BB9-349B-4B0D-A7FA-9CDDCACAC5BE}.Debug|Any CPU.Build.0 = Debug|x64
		{83628BB9-349B-4B0D-A7FA-9CDDCACAC5BE}.Debug|ARM.ActiveCfg = Debug|x64
		{83628BB9-349B-4B0D-A7FA-9CDDCACAC5BE}.Debug|ARM.Build.0 = Debug|x64
		{83628BB9-349B-4B0D-A7FA-9CDDCACAC5BE}.Debug|ARM64.ActiveCfg = Debug|x64
		{83628BB9-349B-4B0D-A7FA-9CDDCACAC5BE}.Debug|ARM64.Build.0 = Debug|x64
		{83628BB9-349B-4B0D-A7FA-9CDDCACAC5BE}.Debug|x64.ActiveCfg = Debug|x64
		{83628BB9-349B-4B0D-A7FA-9CDDCACAC5BE}.Debug|x64.Build.0 = Debug|x64
		{83628BB9-349B-4B0D-A7FA-9CDDCACAC5BE}.Debug|x86.ActiveCfg = Debug|Win32
		{83628BB9-349B-4B0D-A7FA-9CDDCACAC5BE}.Debug|x86.Build.0 = Debug|Win32
		{83628BB9-349B-4B0D-A7FA-9CDDCACAC5BE}.Release|Any CPU.ActiveCfg = Release|x64
		{83628BB9-349B-4B0D-A7FA-9CDDCACAC5BE}.Release|Any CPU.Build.0 = Release|x64
		{83628BB9-349B-4B0D-A7FA-9CDDCACAC5BE}.Release|ARM.ActiveCfg = Release|x64
		{83628BB9-349B-4B0D-A7FA-9CDDCACAC5BE}.Release|ARM.Build.0 = Release|x64
		{83628BB9-349B-4B0D-A7FA-9CDDCACAC5BE}.Release|ARM64.ActiveCfg = Release|x64
		{83628BB9-349B-4B0D-A7FA-9CDDCACAC5BE}.Release|ARM64.Build.0 = Release|x64
		{83628BB9-349B-4B0D-A7FA-9CDDCACAC5BE}.Release|x64.ActiveCfg = Release|x64
		{83628BB9-349B-4B0D-A7FA-9CDDCACAC5BE}.Release|x64.Build.0 = Release|x64
		{83628BB9-349B-4B0D-A7FA-9CDDCACAC5BE}.Release|x86.ActiveCfg = Release|Win32
		{83628BB9-349B-4B0D-A7FA-9CDDCACAC5BE}.Release|x86.Build.0 = Release|Win32
		{7E8D98A4-F05C-4966-B55A-AFB94BE746A5}.Debug|Any CPU.ActiveCfg = Debug|Any CPU
		{7E8D98A4-F05C-4966-B55A-AFB94BE746A5}.Debug|Any CPU.Build.0 = Debug|Any CPU
		{7E8D98A4-F05C-4966-B55A-AFB94BE746A5}.Debug|ARM.ActiveCfg = Debug|Any CPU
		{7E8D98A4-F05C-4966-B55A-AFB94BE746A5}.Debug|ARM.Build.0 = Debug|Any CPU
		{7E8D98A4-F05C-4966-B55A-AFB94BE746A5}.Debug|ARM64.ActiveCfg = Debug|Any CPU
		{7E8D98A4-F05C-4966-B55A-AFB94BE746A5}.Debug|ARM64.Build.0 = Debug|Any CPU
		{7E8D98A4-F05C-4966-B55A-AFB94BE746A5}.Debug|x64.ActiveCfg = Debug|Any CPU
		{7E8D98A4-F05C-4966-B55A-AFB94BE746A5}.Debug|x64.Build.0 = Debug|Any CPU
		{7E8D98A4-F05C-4966-B55A-AFB94BE746A5}.Debug|x86.ActiveCfg = Debug|Any CPU
		{7E8D98A4-F05C-4966-B55A-AFB94BE746A5}.Debug|x86.Build.0 = Debug|Any CPU
		{7E8D98A4-F05C-4966-B55A-AFB94BE746A5}.Release|Any CPU.ActiveCfg = Release|Any CPU
		{7E8D98A4-F05C-4966-B55A-AFB94BE746A5}.Release|Any CPU.Build.0 = Release|Any CPU
		{7E8D98A4-F05C-4966-B55A-AFB94BE746A5}.Release|ARM.ActiveCfg = Release|Any CPU
		{7E8D98A4-F05C-4966-B55A-AFB94BE746A5}.Release|ARM.Build.0 = Release|Any CPU
		{7E8D98A4-F05C-4966-B55A-AFB94BE746A5}.Release|ARM64.ActiveCfg = Release|Any CPU
		{7E8D98A4-F05C-4966-B55A-AFB94BE746A5}.Release|ARM64.Build.0 = Release|Any CPU
		{7E8D98A4-F05C-4966-B55A-AFB94BE746A5}.Release|x64.ActiveCfg = Release|Any CPU
		{7E8D98A4-F05C-4966-B55A-AFB94BE746A5}.Release|x64.Build.0 = Release|Any CPU
		{7E8D98A4-F05C-4966-B55A-AFB94BE746A5}.Release|x86.ActiveCfg = Release|Any CPU
		{7E8D98A4-F05C-4966-B55A-AFB94BE746A5}.Release|x86.Build.0 = Release|Any CPU
	EndGlobalSection
	GlobalSection(SolutionProperties) = preSolution
		HideSolutionNode = FALSE
	EndGlobalSection
	GlobalSection(ExtensibilityGlobals) = postSolution
		SolutionGuid = {81445DA6-CB9C-4627-A014-0A11F28ABB39}
	EndGlobalSection
EndGlobal
